
Microsoft Visual Studio Solution File, Format Version 12.00
# Visual Studio Version 17
VisualStudioVersion = 17.0.31903.59
MinimumVisualStudioVersion = 10.0.40219.1
Project("{2150E333-8FDC-42A3-9474-1A3956D46DE8}") = "src", "src", "{827E0CD3-B72D-47B6-A68D-7590B98EB39B}"
EndProject
Project("{FAE04EC0-301F-11D3-BF4B-00C04F79EFBC}") = "Hmk.Game", "src\Hmk.Game\Hmk.Game.csproj", "{52E3EE34-2226-4377-8533-033907A5F9E5}"
EndProject
Project("{FAE04EC0-301F-11D3-BF4B-00C04F79EFBC}") = "Hmk.Engine", "src\Hmk.Engine\Hmk.Engine.csproj", "{93B190DD-3928-4D99-86A9-7DF891A3817A}"
EndProject
Project("{FAE04EC0-301F-11D3-BF4B-00C04F79EFBC}") = "Hmk.Editor", "src\Hmk.Editor\Hmk.Editor.csproj", "{9F1F68A5-8D4C-4EFA-9478-93B458EE4C77}"
EndProject
Project("{FAE04EC0-301F-11D3-BF4B-00C04F79EFBC}") = "Hamaze.Engine", "src\Hamaze.Engine\Hamaze.Engine.csproj", "{4FD427B0-6181-4775-A6C5-3D061CDC97B2}"
EndProject
Project("{FAE04EC0-301F-11D3-BF4B-00C04F79EFBC}") = "Hamaze.Game", "src\Hamaze.Game\Hamaze.Game.csproj", "{566D3C21-676D-4194-9153-AE25E37367DA}"
EndProject
Global
	GlobalSection(SolutionConfigurationPlatforms) = preSolution
		Debug|Any CPU = Debug|Any CPU
		Debug|x64 = Debug|x64
		Debug|x86 = Debug|x86
		Release|Any CPU = Release|Any CPU
		Release|x64 = Release|x64
		Release|x86 = Release|x86
	EndGlobalSection
	GlobalSection(ProjectConfigurationPlatforms) = postSolution
		{52E3EE34-2226-4377-8533-033907A5F9E5}.Debug|Any CPU.ActiveCfg = Debug|Any CPU
		{52E3EE34-2226-4377-8533-033907A5F9E5}.Debug|Any CPU.Build.0 = Debug|Any CPU
		{52E3EE34-2226-4377-8533-033907A5F9E5}.Debug|x64.ActiveCfg = Debug|Any CPU
		{52E3EE34-2226-4377-8533-033907A5F9E5}.Debug|x64.Build.0 = Debug|Any CPU
		{52E3EE34-2226-4377-8533-033907A5F9E5}.Debug|x86.ActiveCfg = Debug|Any CPU
		{52E3EE34-2226-4377-8533-033907A5F9E5}.Debug|x86.Build.0 = Debug|Any CPU
		{52E3EE34-2226-4377-8533-033907A5F9E5}.Release|Any CPU.ActiveCfg = Release|Any CPU
		{52E3EE34-2226-4377-8533-033907A5F9E5}.Release|Any CPU.Build.0 = Release|Any CPU
		{52E3EE34-2226-4377-8533-033907A5F9E5}.Release|x64.ActiveCfg = Release|Any CPU
		{52E3EE34-2226-4377-8533-033907A5F9E5}.Release|x64.Build.0 = Release|Any CPU
		{52E3EE34-2226-4377-8533-033907A5F9E5}.Release|x86.ActiveCfg = Release|Any CPU
		{52E3EE34-2226-4377-8533-033907A5F9E5}.Release|x86.Build.0 = Release|Any CPU
		{93B190DD-3928-4D99-86A9-7DF891A3817A}.Debug|Any CPU.ActiveCfg = Debug|Any CPU
		{93B190DD-3928-4D99-86A9-7DF891A3817A}.Debug|Any CPU.Build.0 = Debug|Any CPU
		{93B190DD-3928-4D99-86A9-7DF891A3817A}.Debug|x64.ActiveCfg = Debug|Any CPU
		{93B190DD-3928-4D99-86A9-7DF891A3817A}.Debug|x64.Build.0 = Debug|Any CPU
		{93B190DD-3928-4D99-86A9-7DF891A3817A}.Debug|x86.ActiveCfg = Debug|Any CPU
		{93B190DD-3928-4D99-86A9-7DF891A3817A}.Debug|x86.Build.0 = Debug|Any CPU
		{93B190DD-3928-4D99-86A9-7DF891A3817A}.Release|Any CPU.ActiveCfg = Release|Any CPU
		{93B190DD-3928-4D99-86A9-7DF891A3817A}.Release|Any CPU.Build.0 = Release|Any CPU
		{93B190DD-3928-4D99-86A9-7DF891A3817A}.Release|x64.ActiveCfg = Release|Any CPU
		{93B190DD-3928-4D99-86A9-7DF891A3817A}.Release|x64.Build.0 = Release|Any CPU
		{93B190DD-3928-4D99-86A9-7DF891A3817A}.Release|x86.ActiveCfg = Release|Any CPU
		{93B190DD-3928-4D99-86A9-7DF891A3817A}.Release|x86.Build.0 = Release|Any CPU
		{9F1F68A5-8D4C-4EFA-9478-93B458EE4C77}.Debug|Any CPU.ActiveCfg = Debug|Any CPU
		{9F1F68A5-8D4C-4EFA-9478-93B458EE4C77}.Debug|Any CPU.Build.0 = Debug|Any CPU
		{9F1F68A5-8D4C-4EFA-9478-93B458EE4C77}.Debug|x64.ActiveCfg = Debug|Any CPU
		{9F1F68A5-8D4C-4EFA-9478-93B458EE4C77}.Debug|x64.Build.0 = Debug|Any CPU
		{9F1F68A5-8D4C-4EFA-9478-93B458EE4C77}.Debug|x86.ActiveCfg = Debug|Any CPU
		{9F1F68A5-8D4C-4EFA-9478-93B458EE4C77}.Debug|x86.Build.0 = Debug|Any CPU
		{9F1F68A5-8D4C-4EFA-9478-93B458EE4C77}.Release|Any CPU.ActiveCfg = Release|Any CPU
		{9F1F68A5-8D4C-4EFA-9478-93B458EE4C77}.Release|Any CPU.Build.0 = Release|Any CPU
		{9F1F68A5-8D4C-4EFA-9478-93B458EE4C77}.Release|x64.ActiveCfg = Release|Any CPU
		{9F1F68A5-8D4C-4EFA-9478-93B458EE4C77}.Release|x64.Build.0 = Release|Any CPU
		{9F1F68A5-8D4C-4EFA-9478-93B458EE4C77}.Release|x86.ActiveCfg = Release|Any CPU
		{9F1F68A5-8D4C-4EFA-9478-93B458EE4C77}.Release|x86.Build.0 = Release|Any CPU
		{4FD427B0-6181-4775-A6C5-3D061CDC97B2}.Debug|Any CPU.ActiveCfg = Debug|Any CPU
		{4FD427B0-6181-4775-A6C5-3D061CDC97B2}.Debug|Any CPU.Build.0 = Debug|Any CPU
		{4FD427B0-6181-4775-A6C5-3D061CDC97B2}.Debug|x64.ActiveCfg = Debug|Any CPU
		{4FD427B0-6181-4775-A6C5-3D061CDC97B2}.Debug|x64.Build.0 = Debug|Any CPU
		{4FD427B0-6181-4775-A6C5-3D061CDC97B2}.Debug|x86.ActiveCfg = Debug|Any CPU
		{4FD427B0-6181-4775-A6C5-3D061CDC97B2}.Debug|x86.Build.0 = Debug|Any CPU
		{4FD427B0-6181-4775-A6C5-3D061CDC97B2}.Release|Any CPU.ActiveCfg = Release|Any CPU
		{4FD427B0-6181-4775-A6C5-3D061CDC97B2}.Release|Any CPU.Build.0 = Release|Any CPU
		{4FD427B0-6181-4775-A6C5-3D061CDC97B2}.Release|x64.ActiveCfg = Release|Any CPU
		{4FD427B0-6181-4775-A6C5-3D061CDC97B2}.Release|x64.Build.0 = Release|Any CPU
		{4FD427B0-6181-4775-A6C5-3D061CDC97B2}.Release|x86.ActiveCfg = Release|Any CPU
		{4FD427B0-6181-4775-A6C5-3D061CDC97B2}.Release|x86.Build.0 = Release|Any CPU
		{566D3C21-676D-4194-9153-AE25E37367DA}.Debug|Any CPU.ActiveCfg = Debug|Any CPU
		{566D3C21-676D-4194-9153-AE25E37367DA}.Debug|Any CPU.Build.0 = Debug|Any CPU
		{566D3C21-676D-4194-9153-AE25E37367DA}.Debug|x64.ActiveCfg = Debug|Any CPU
		{566D3C21-676D-4194-9153-AE25E37367DA}.Debug|x64.Build.0 = Debug|Any CPU
		{566D3C21-676D-4194-9153-AE25E37367DA}.Debug|x86.ActiveCfg = Debug|Any CPU
		{566D3C21-676D-4194-9153-AE25E37367DA}.Debug|x86.Build.0 = Debug|Any CPU
		{566D3C21-676D-4194-9153-AE25E37367DA}.Release|Any CPU.ActiveCfg = Release|Any CPU
		{566D3C21-676D-4194-9153-AE25E37367DA}.Release|Any CPU.Build.0 = Release|Any CPU
		{566D3C21-676D-4194-9153-AE25E37367DA}.Release|x64.ActiveCfg = Release|Any CPU
		{566D3C21-676D-4194-9153-AE25E37367DA}.Release|x64.Build.0 = Release|Any CPU
		{566D3C21-676D-4194-9153-AE25E37367DA}.Release|x86.ActiveCfg = Release|Any CPU
		{566D3C21-676D-4194-9153-AE25E37367DA}.Release|x86.Build.0 = Release|Any CPU
	EndGlobalSection
	GlobalSection(SolutionProperties) = preSolution
		HideSolutionNode = FALSE
	EndGlobalSection
	GlobalSection(NestedProjects) = preSolution
		{52E3EE34-2226-4377-8533-033907A5F9E5} = {827E0CD3-B72D-47B6-A68D-7590B98EB39B}
		{93B190DD-3928-4D99-86A9-7DF891A3817A} = {827E0CD3-B72D-47B6-A68D-7590B98EB39B}
		{9F1F68A5-8D4C-4EFA-9478-93B458EE4C77} = {827E0CD3-B72D-47B6-A68D-7590B98EB39B}
		{4FD427B0-6181-4775-A6C5-3D061CDC97B2} = {827E0CD3-B72D-47B6-A68D-7590B98EB39B}
		{566D3C21-676D-4194-9153-AE25E37367DA} = {827E0CD3-B72D-47B6-A68D-7590B98EB39B}
	EndGlobalSection
EndGlobal
